
Microsoft Visual Studio Solution File, Format Version 12.00
# Visual Studio Version 17
VisualStudioVersion = 17.8.34525.116
MinimumVisualStudioVersion = 10.0.40219.1
Project("{FAE04EC0-301F-11D3-BF4B-00C04F79EFBC}") = "CapaPresentacion", "MARKET\CapaPresentacion.csproj", "{571C121F-6965-4117-88A1-065AABE11DF4}"
EndProject
Project("{FAE04EC0-301F-11D3-BF4B-00C04F79EFBC}") = "CapaNegocio", "CapaNegocio\CapaNegocio.csproj", "{515A1869-D33F-49EF-B9C4-48CDC612CEC8}"
EndProject
Project("{FAE04EC0-301F-11D3-BF4B-00C04F79EFBC}") = "CapaDatos", "CapaDatos\CapaDatos.csproj", "{29A3833C-916F-43E0-B373-87140D6310D7}"
EndProject
Global
	GlobalSection(SolutionConfigurationPlatforms) = preSolution
		Debug|Any CPU = Debug|Any CPU
		Release|Any CPU = Release|Any CPU
	EndGlobalSection
	GlobalSection(ProjectConfigurationPlatforms) = postSolution
		{571C121F-6965-4117-88A1-065AABE11DF4}.Debug|Any CPU.ActiveCfg = Debug|Any CPU
		{571C121F-6965-4117-88A1-065AABE11DF4}.Debug|Any CPU.Build.0 = Debug|Any CPU
		{571C121F-6965-4117-88A1-065AABE11DF4}.Release|Any CPU.ActiveCfg = Release|Any CPU
		{571C121F-6965-4117-88A1-065AABE11DF4}.Release|Any CPU.Build.0 = Release|Any CPU
		{515A1869-D33F-49EF-B9C4-48CDC612CEC8}.Debug|Any CPU.ActiveCfg = Debug|Any CPU
		{515A1869-D33F-49EF-B9C4-48CDC612CEC8}.Debug|Any CPU.Build.0 = Debug|Any CPU
		{515A1869-D33F-49EF-B9C4-48CDC612CEC8}.Release|Any CPU.ActiveCfg = Release|Any CPU
		{515A1869-D33F-49EF-B9C4-48CDC612CEC8}.Release|Any CPU.Build.0 = Release|Any CPU
		{29A3833C-916F-43E0-B373-87140D6310D7}.Debug|Any CPU.ActiveCfg = Debug|Any CPU
		{29A3833C-916F-43E0-B373-87140D6310D7}.Debug|Any CPU.Build.0 = Debug|Any CPU
		{29A3833C-916F-43E0-B373-87140D6310D7}.Release|Any CPU.ActiveCfg = Release|Any CPU
		{29A3833C-916F-43E0-B373-87140D6310D7}.Release|Any CPU.Build.0 = Release|Any CPU
	EndGlobalSection
	GlobalSection(SolutionProperties) = preSolution
		HideSolutionNode = FALSE
	EndGlobalSection
	GlobalSection(ExtensibilityGlobals) = postSolution
		SolutionGuid = {4A08AC73-15CB-4990-919B-D40CDECF5E65}
	EndGlobalSection
EndGlobal
